// !$*UTF8*$!
{
	archiveVersion = 1;
	classes = {
	};
	objectVersion = 46;
	objects = {

/* Begin PBXBuildFile section */
		907134E31BB74F120011650C /* AppDelegate.swift in Sources */ = {isa = PBXBuildFile; fileRef = 907134E21BB74F120011650C /* AppDelegate.swift */; };
		907134E51BB74F120011650C /* ViewController.swift in Sources */ = {isa = PBXBuildFile; fileRef = 907134E41BB74F120011650C /* ViewController.swift */; };
		907134E81BB74F120011650C /* Main.storyboard in Resources */ = {isa = PBXBuildFile; fileRef = 907134E61BB74F120011650C /* Main.storyboard */; };
		907134EA1BB74F120011650C /* Assets.xcassets in Resources */ = {isa = PBXBuildFile; fileRef = 907134E91BB74F120011650C /* Assets.xcassets */; };
		907134ED1BB74F120011650C /* LaunchScreen.storyboard in Resources */ = {isa = PBXBuildFile; fileRef = 907134EB1BB74F120011650C /* LaunchScreen.storyboard */; };
		907134F81BB74F120011650C /* QuizAppTests.swift in Sources */ = {isa = PBXBuildFile; fileRef = 907134F71BB74F120011650C /* QuizAppTests.swift */; };
		907135031BB74F120011650C /* QuizAppUITests.swift in Sources */ = {isa = PBXBuildFile; fileRef = 907135021BB74F120011650C /* QuizAppUITests.swift */; };
		90812B971BBF172000BB780C /* textQuestionViewController.swift in Sources */ = {isa = PBXBuildFile; fileRef = 90812B961BBF172000BB780C /* textQuestionViewController.swift */; settings = {ASSET_TAGS = (); }; };
		90812B991BBF1CAA00BB780C /* textQuestion.swift in Sources */ = {isa = PBXBuildFile; fileRef = 90812B981BBF1CAA00BB780C /* textQuestion.swift */; settings = {ASSET_TAGS = (); }; };
		90812B9D1BBF295100BB780C /* ResultsViewController.swift in Sources */ = {isa = PBXBuildFile; fileRef = 90812B9C1BBF295100BB780C /* ResultsViewController.swift */; settings = {ASSET_TAGS = (); }; };
		90812B9F1BBF2D4900BB780C /* imageQuestionViewController.swift in Sources */ = {isa = PBXBuildFile; fileRef = 90812B9E1BBF2D4900BB780C /* imageQuestionViewController.swift */; settings = {ASSET_TAGS = (); }; };
		90812BA11BBF4D5D00BB780C /* the-godfather-1.jpg in Resources */ = {isa = PBXBuildFile; fileRef = 90812BA01BBF4D5D00BB780C /* the-godfather-1.jpg */; settings = {ASSET_TAGS = (); }; };
/* End PBXBuildFile section */

/* Begin PBXContainerItemProxy section */
		907134F41BB74F120011650C /* PBXContainerItemProxy */ = {
			isa = PBXContainerItemProxy;
			containerPortal = 907134D71BB74F120011650C /* Project object */;
			proxyType = 1;
			remoteGlobalIDString = 907134DE1BB74F120011650C;
			remoteInfo = QuizApp;
		};
		907134FF1BB74F120011650C /* PBXContainerItemProxy */ = {
			isa = PBXContainerItemProxy;
			containerPortal = 907134D71BB74F120011650C /* Project object */;
			proxyType = 1;
			remoteGlobalIDString = 907134DE1BB74F120011650C;
			remoteInfo = QuizApp;
		};
/* End PBXContainerItemProxy section */

/* Begin PBXFileReference section */
		907134DF1BB74F120011650C /* QuizApp.app */ = {isa = PBXFileReference; explicitFileType = wrapper.application; includeInIndex = 0; path = QuizApp.app; sourceTree = BUILT_PRODUCTS_DIR; };
		907134E21BB74F120011650C /* AppDelegate.swift */ = {isa = PBXFileReference; lastKnownFileType = sourcecode.swift; path = AppDelegate.swift; sourceTree = "<group>"; };
		907134E41BB74F120011650C /* ViewController.swift */ = {isa = PBXFileReference; lastKnownFileType = sourcecode.swift; path = ViewController.swift; sourceTree = "<group>"; };
		907134E71BB74F120011650C /* Base */ = {isa = PBXFileReference; lastKnownFileType = file.storyboard; name = Base; path = Base.lproj/Main.storyboard; sourceTree = "<group>"; };
		907134E91BB74F120011650C /* Assets.xcassets */ = {isa = PBXFileReference; lastKnownFileType = folder.assetcatalog; path = Assets.xcassets; sourceTree = "<group>"; };
		907134EC1BB74F120011650C /* Base */ = {isa = PBXFileReference; lastKnownFileType = file.storyboard; name = Base; path = Base.lproj/LaunchScreen.storyboard; sourceTree = "<group>"; };
		907134EE1BB74F120011650C /* Info.plist */ = {isa = PBXFileReference; lastKnownFileType = text.plist.xml; path = Info.plist; sourceTree = "<group>"; };
		907134F31BB74F120011650C /* QuizAppTests.xctest */ = {isa = PBXFileReference; explicitFileType = wrapper.cfbundle; includeInIndex = 0; path = QuizAppTests.xctest; sourceTree = BUILT_PRODUCTS_DIR; };
		907134F71BB74F120011650C /* QuizAppTests.swift */ = {isa = PBXFileReference; lastKnownFileType = sourcecode.swift; path = QuizAppTests.swift; sourceTree = "<group>"; };
		907134F91BB74F120011650C /* Info.plist */ = {isa = PBXFileReference; lastKnownFileType = text.plist.xml; path = Info.plist; sourceTree = "<group>"; };
		907134FE1BB74F120011650C /* QuizAppUITests.xctest */ = {isa = PBXFileReference; explicitFileType = wrapper.cfbundle; includeInIndex = 0; path = QuizAppUITests.xctest; sourceTree = BUILT_PRODUCTS_DIR; };
		907135021BB74F120011650C /* QuizAppUITests.swift */ = {isa = PBXFileReference; lastKnownFileType = sourcecode.swift; path = QuizAppUITests.swift; sourceTree = "<group>"; };
		907135041BB74F120011650C /* Info.plist */ = {isa = PBXFileReference; lastKnownFileType = text.plist.xml; path = Info.plist; sourceTree = "<group>"; };
		90812B961BBF172000BB780C /* textQuestionViewController.swift */ = {isa = PBXFileReference; fileEncoding = 4; lastKnownFileType = sourcecode.swift; path = textQuestionViewController.swift; sourceTree = "<group>"; };
		90812B981BBF1CAA00BB780C /* textQuestion.swift */ = {isa = PBXFileReference; fileEncoding = 4; lastKnownFileType = sourcecode.swift; path = textQuestion.swift; sourceTree = "<group>"; };
		90812B9C1BBF295100BB780C /* ResultsViewController.swift */ = {isa = PBXFileReference; fileEncoding = 4; lastKnownFileType = sourcecode.swift; path = ResultsViewController.swift; sourceTree = "<group>"; };
		90812B9E1BBF2D4900BB780C /* imageQuestionViewController.swift */ = {isa = PBXFileReference; fileEncoding = 4; lastKnownFileType = sourcecode.swift; path = imageQuestionViewController.swift; sourceTree = "<group>"; };
		90812BA01BBF4D5D00BB780C /* the-godfather-1.jpg */ = {isa = PBXFileReference; lastKnownFileType = image.jpeg; path = "the-godfather-1.jpg"; sourceTree = "<group>"; };
/* End PBXFileReference section */

/* Begin PBXFrameworksBuildPhase section */
		907134DC1BB74F120011650C /* Frameworks */ = {
			isa = PBXFrameworksBuildPhase;
			buildActionMask = 2147483647;
			files = (
			);
			runOnlyForDeploymentPostprocessing = 0;
		};
		907134F01BB74F120011650C /* Frameworks */ = {
			isa = PBXFrameworksBuildPhase;
			buildActionMask = 2147483647;
			files = (
			);
			runOnlyForDeploymentPostprocessing = 0;
		};
		907134FB1BB74F120011650C /* Frameworks */ = {
			isa = PBXFrameworksBuildPhase;
			buildActionMask = 2147483647;
			files = (
			);
			runOnlyForDeploymentPostprocessing = 0;
		};
/* End PBXFrameworksBuildPhase section */

/* Begin PBXGroup section */
		907134D61BB74F120011650C = {
			isa = PBXGroup;
			children = (
				907134E11BB74F120011650C /* QuizApp */,
				907134F61BB74F120011650C /* QuizAppTests */,
				907135011BB74F120011650C /* QuizAppUITests */,
				907134E01BB74F120011650C /* Products */,
			);
			sourceTree = "<group>";
		};
		907134E01BB74F120011650C /* Products */ = {
			isa = PBXGroup;
			children = (
				907134DF1BB74F120011650C /* QuizApp.app */,
				907134F31BB74F120011650C /* QuizAppTests.xctest */,
				907134FE1BB74F120011650C /* QuizAppUITests.xctest */,
			);
			name = Products;
			sourceTree = "<group>";
		};
		907134E11BB74F120011650C /* QuizApp */ = {
			isa = PBXGroup;
			children = (
				90812BA01BBF4D5D00BB780C /* the-godfather-1.jpg */,
				907134E21BB74F120011650C /* AppDelegate.swift */,
				907134E41BB74F120011650C /* ViewController.swift */,
				907134E61BB74F120011650C /* Main.storyboard */,
				907134E91BB74F120011650C /* Assets.xcassets */,
				907134EB1BB74F120011650C /* LaunchScreen.storyboard */,
				907134EE1BB74F120011650C /* Info.plist */,
				90812B961BBF172000BB780C /* textQuestionViewController.swift */,
				90812B981BBF1CAA00BB780C /* textQuestion.swift */,
				90812B9C1BBF295100BB780C /* ResultsViewController.swift */,
				90812B9E1BBF2D4900BB780C /* imageQuestionViewController.swift */,
			);
			path = QuizApp;
			sourceTree = "<group>";
		};
		907134F61BB74F120011650C /* QuizAppTests */ = {
			isa = PBXGroup;
			children = (
				907134F71BB74F120011650C /* QuizAppTests.swift */,
				907134F91BB74F120011650C /* Info.plist */,
			);
			path = QuizAppTests;
			sourceTree = "<group>";
		};
		907135011BB74F120011650C /* QuizAppUITests */ = {
			isa = PBXGroup;
			children = (
				907135021BB74F120011650C /* QuizAppUITests.swift */,
				907135041BB74F120011650C /* Info.plist */,
			);
			path = QuizAppUITests;
			sourceTree = "<group>";
		};
/* End PBXGroup section */

/* Begin PBXNativeTarget section */
		907134DE1BB74F120011650C /* QuizApp */ = {
			isa = PBXNativeTarget;
			buildConfigurationList = 907135071BB74F120011650C /* Build configuration list for PBXNativeTarget "QuizApp" */;
			buildPhases = (
				907134DB1BB74F120011650C /* Sources */,
				907134DC1BB74F120011650C /* Frameworks */,
				907134DD1BB74F120011650C /* Resources */,
			);
			buildRules = (
			);
			dependencies = (
			);
			name = QuizApp;
			productName = QuizApp;
			productReference = 907134DF1BB74F120011650C /* QuizApp.app */;
			productType = "com.apple.product-type.application";
		};
		907134F21BB74F120011650C /* QuizAppTests */ = {
			isa = PBXNativeTarget;
			buildConfigurationList = 9071350A1BB74F120011650C /* Build configuration list for PBXNativeTarget "QuizAppTests" */;
			buildPhases = (
				907134EF1BB74F120011650C /* Sources */,
				907134F01BB74F120011650C /* Frameworks */,
				907134F11BB74F120011650C /* Resources */,
			);
			buildRules = (
			);
			dependencies = (
				907134F51BB74F120011650C /* PBXTargetDependency */,
			);
			name = QuizAppTests;
			productName = QuizAppTests;
			productReference = 907134F31BB74F120011650C /* QuizAppTests.xctest */;
			productType = "com.apple.product-type.bundle.unit-test";
		};
		907134FD1BB74F120011650C /* QuizAppUITests */ = {
			isa = PBXNativeTarget;
			buildConfigurationList = 9071350D1BB74F120011650C /* Build configuration list for PBXNativeTarget "QuizAppUITests" */;
			buildPhases = (
				907134FA1BB74F120011650C /* Sources */,
				907134FB1BB74F120011650C /* Frameworks */,
				907134FC1BB74F120011650C /* Resources */,
			);
			buildRules = (
			);
			dependencies = (
				907135001BB74F120011650C /* PBXTargetDependency */,
			);
			name = QuizAppUITests;
			productName = QuizAppUITests;
			productReference = 907134FE1BB74F120011650C /* QuizAppUITests.xctest */;
			productType = "com.apple.product-type.bundle.ui-testing";
		};
/* End PBXNativeTarget section */

/* Begin PBXProject section */
		907134D71BB74F120011650C /* Project object */ = {
			isa = PBXProject;
			attributes = {
				LastUpgradeCheck = 0700;
				ORGANIZATIONNAME = "Satyam Dhar";
				TargetAttributes = {
					907134DE1BB74F120011650C = {
						CreatedOnToolsVersion = 7.0;
					};
					907134F21BB74F120011650C = {
						CreatedOnToolsVersion = 7.0;
						TestTargetID = 907134DE1BB74F120011650C;
					};
					907134FD1BB74F120011650C = {
						CreatedOnToolsVersion = 7.0;
						TestTargetID = 907134DE1BB74F120011650C;
					};
				};
			};
			buildConfigurationList = 907134DA1BB74F120011650C /* Build configuration list for PBXProject "QuizApp" */;
			compatibilityVersion = "Xcode 3.2";
			developmentRegion = English;
			hasScannedForEncodings = 0;
			knownRegions = (
				en,
				Base,
			);
			mainGroup = 907134D61BB74F120011650C;
			productRefGroup = 907134E01BB74F120011650C /* Products */;
			projectDirPath = "";
			projectRoot = "";
			targets = (
				907134DE1BB74F120011650C /* QuizApp */,
				907134F21BB74F120011650C /* QuizAppTests */,
				907134FD1BB74F120011650C /* QuizAppUITests */,
			);
		};
/* End PBXProject section */

/* Begin PBXResourcesBuildPhase section */
		907134DD1BB74F120011650C /* Resources */ = {
			isa = PBXResourcesBuildPhase;
			buildActionMask = 2147483647;
			files = (
				907134ED1BB74F120011650C /* LaunchScreen.storyboard in Resources */,
				907134EA1BB74F120011650C /* Assets.xcassets in Resources */,
				90812BA11BBF4D5D00BB780C /* the-godfather-1.jpg in Resources */,
				907134E81BB74F120011650C /* Main.storyboard in Resources */,
			);
			runOnlyForDeploymentPostprocessing = 0;
		};
		907134F11BB74F120011650C /* Resources */ = {
			isa = PBXResourcesBuildPhase;
			buildActionMask = 2147483647;
			files = (
			);
			runOnlyForDeploymentPostprocessing = 0;
		};
		907134FC1BB74F120011650C /* Resources */ = {
			isa = PBXResourcesBuildPhase;
			buildActionMask = 2147483647;
			files = (
			);
			runOnlyForDeploymentPostprocessing = 0;
		};
/* End PBXResourcesBuildPhase section */

/* Begin PBXSourcesBuildPhase section */
		907134DB1BB74F120011650C /* Sources */ = {
			isa = PBXSourcesBuildPhase;
			buildActionMask = 2147483647;
			files = (
				907134E51BB74F120011650C /* ViewController.swift in Sources */,
				90812B971BBF172000BB780C /* textQuestionViewController.swift in Sources */,
				90812B991BBF1CAA00BB780C /* textQuestion.swift in Sources */,
				90812B9D1BBF295100BB780C /* ResultsViewController.swift in Sources */,
				90812B9F1BBF2D4900BB780C /* imageQuestionViewController.swift in Sources */,
				907134E31BB74F120011650C /* AppDelegate.swift in Sources */,
			);
			runOnlyForDeploymentPostprocessing = 0;
		};
		907134EF1BB74F120011650C /* Sources */ = {
			isa = PBXSourcesBuildPhase;
			buildActionMask = 2147483647;
			files = (
				907134F81BB74F120011650C /* QuizAppTests.swift in Sources */,
			);
			runOnlyForDeploymentPostprocessing = 0;
		};
		907134FA1BB74F120011650C /* Sources */ = {
			isa = PBXSourcesBuildPhase;
			buildActionMask = 2147483647;
			files = (
				907135031BB74F120011650C /* QuizAppUITests.swift in Sources */,
			);
			runOnlyForDeploymentPostprocessing = 0;
		};
/* End PBXSourcesBuildPhase section */

/* Begin PBXTargetDependency section */
		907134F51BB74F120011650C /* PBXTargetDependency */ = {
			isa = PBXTargetDependency;
			target = 907134DE1BB74F120011650C /* QuizApp */;
			targetProxy = 907134F41BB74F120011650C /* PBXContainerItemProxy */;
		};
		907135001BB74F120011650C /* PBXTargetDependency */ = {
			isa = PBXTargetDependency;
			target = 907134DE1BB74F120011650C /* QuizApp */;
			targetProxy = 907134FF1BB74F120011650C /* PBXContainerItemProxy */;
		};
/* End PBXTargetDependency section */

/* Begin PBXVariantGroup section */
		907134E61BB74F120011650C /* Main.storyboard */ = {
			isa = PBXVariantGroup;
			children = (
				907134E71BB74F120011650C /* Base */,
			);
			name = Main.storyboard;
			sourceTree = "<group>";
		};
		907134EB1BB74F120011650C /* LaunchScreen.storyboard */ = {
			isa = PBXVariantGroup;
			children = (
				907134EC1BB74F120011650C /* Base */,
			);
			name = LaunchScreen.storyboard;
			sourceTree = "<group>";
		};
/* End PBXVariantGroup section */

/* Begin XCBuildConfiguration section */
		907135051BB74F120011650C /* Debug */ = {
			isa = XCBuildConfiguration;
			buildSettings = {
				ALWAYS_SEARCH_USER_PATHS = NO;
				CLANG_CXX_LANGUAGE_STANDARD = "gnu++0x";
				CLANG_CXX_LIBRARY = "libc++";
				CLANG_ENABLE_MODULES = YES;
				CLANG_ENABLE_OBJC_ARC = YES;
				CLANG_WARN_BOOL_CONVERSION = YES;
				CLANG_WARN_CONSTANT_CONVERSION = YES;
				CLANG_WARN_DIRECT_OBJC_ISA_USAGE = YES_ERROR;
				CLANG_WARN_EMPTY_BODY = YES;
				CLANG_WARN_ENUM_CONVERSION = YES;
				CLANG_WARN_INT_CONVERSION = YES;
				CLANG_WARN_OBJC_ROOT_CLASS = YES_ERROR;
				CLANG_WARN_UNREACHABLE_CODE = YES;
				CLANG_WARN__DUPLICATE_METHOD_MATCH = YES;
				"CODE_SIGN_IDENTITY[sdk=iphoneos*]" = "iPhone Developer";
				COPY_PHASE_STRIP = NO;
				DEBUG_INFORMATION_FORMAT = dwarf;
				ENABLE_STRICT_OBJC_MSGSEND = YES;
				ENABLE_TESTABILITY = YES;
				GCC_C_LANGUAGE_STANDARD = gnu99;
				GCC_DYNAMIC_NO_PIC = NO;
				GCC_NO_COMMON_BLOCKS = YES;
				GCC_OPTIMIZATION_LEVEL = 0;
				GCC_PREPROCESSOR_DEFINITIONS = (
					"DEBUG=1",
					"$(inherited)",
				);
				GCC_WARN_64_TO_32_BIT_CONVERSION = YES;
				GCC_WARN_ABOUT_RETURN_TYPE = YES_ERROR;
				GCC_WARN_UNDECLARED_SELECTOR = YES;
				GCC_WARN_UNINITIALIZED_AUTOS = YES_AGGRESSIVE;
				GCC_WARN_UNUSED_FUNCTION = YES;
				GCC_WARN_UNUSED_VARIABLE = YES;
				IPHONEOS_DEPLOYMENT_TARGET = 9.0;
				MTL_ENABLE_DEBUG_INFO = YES;
				ONLY_ACTIVE_ARCH = YES;
				SDKROOT = iphoneos;
				SWIFT_OPTIMIZATION_LEVEL = "-Onone";
				TARGETED_DEVICE_FAMILY = "1,2";
			};
			name = Debug;
		};
		907135061BB74F120011650C /* Release */ = {
			isa = XCBuildConfiguration;
			buildSettings = {
				ALWAYS_SEARCH_USER_PATHS = NO;
				CLANG_CXX_LANGUAGE_STANDARD = "gnu++0x";
				CLANG_CXX_LIBRARY = "libc++";
				CLANG_ENABLE_MODULES = YES;
				CLANG_ENABLE_OBJC_ARC = YES;
				CLANG_WARN_BOOL_CONVERSION = YES;
				CLANG_WARN_CONSTANT_CONVERSION = YES;
				CLANG_WARN_DIRECT_OBJC_ISA_USAGE = YES_ERROR;
				CLANG_WARN_EMPTY_BODY = YES;
				CLANG_WARN_ENUM_CONVERSION = YES;
				CLANG_WARN_INT_CONVERSION = YES;
				CLANG_WARN_OBJC_ROOT_CLASS = YES_ERROR;
				CLANG_WARN_UNREACHABLE_CODE = YES;
				CLANG_WARN__DUPLICATE_METHOD_MATCH = YES;
				"CODE_SIGN_IDENTITY[sdk=iphoneos*]" = "iPhone Developer";
				COPY_PHASE_STRIP = NO;
				DEBUG_INFORMATION_FORMAT = "dwarf-with-dsym";
				ENABLE_NS_ASSERTIONS = NO;
				ENABLE_STRICT_OBJC_MSGSEND = YES;
				GCC_C_LANGUAGE_STANDARD = gnu99;
				GCC_NO_COMMON_BLOCKS = YES;
				GCC_WARN_64_TO_32_BIT_CONVERSION = YES;
				GCC_WARN_ABOUT_RETURN_TYPE = YES_ERROR;
				GCC_WARN_UNDECLARED_SELECTOR = YES;
				GCC_WARN_UNINITIALIZED_AUTOS = YES_AGGRESSIVE;
				GCC_WARN_UNUSED_FUNCTION = YES;
				GCC_WARN_UNUSED_VARIABLE = YES;
				IPHONEOS_DEPLOYMENT_TARGET = 9.0;
				MTL_ENABLE_DEBUG_INFO = NO;
				SDKROOT = iphoneos;
				TARGETED_DEVICE_FAMILY = "1,2";
				VALIDATE_PRODUCT = YES;
			};
			name = Release;
		};
		907135081BB74F120011650C /* Debug */ = {
			isa = XCBuildConfiguration;
			buildSettings = {
				ASSETCATALOG_COMPILER_APPICON_NAME = AppIcon;
				INFOPLIST_FILE = QuizApp/Info.plist;
				LD_RUNPATH_SEARCH_PATHS = "$(inherited) @executable_path/Frameworks";
				PRODUCT_BUNDLE_IDENTIFIER = com.wisc.quizapp.QuizApp;
				PRODUCT_NAME = "$(TARGET_NAME)";
			};
			name = Debug;
		};
		907135091BB74F120011650C /* Release */ = {
			isa = XCBuildConfiguration;
			buildSettings = {
				ASSETCATALOG_COMPILER_APPICON_NAME = AppIcon;
				INFOPLIST_FILE = QuizApp/Info.plist;
				LD_RUNPATH_SEARCH_PATHS = "$(inherited) @executable_path/Frameworks";
				PRODUCT_BUNDLE_IDENTIFIER = com.wisc.quizapp.QuizApp;
				PRODUCT_NAME = "$(TARGET_NAME)";
			};
			name = Release;
		};
		9071350B1BB74F120011650C /* Debug */ = {
			isa = XCBuildConfiguration;
			buildSettings = {
				BUNDLE_LOADER = "$(TEST_HOST)";
				INFOPLIST_FILE = QuizAppTests/Info.plist;
				LD_RUNPATH_SEARCH_PATHS = "$(inherited) @executable_path/Frameworks @loader_path/Frameworks";
				PRODUCT_BUNDLE_IDENTIFIER = com.wisc.quizapp.QuizAppTests;
				PRODUCT_NAME = "$(TARGET_NAME)";
				TEST_HOST = "$(BUILT_PRODUCTS_DIR)/QuizApp.app/QuizApp";
			};
			name = Debug;
		};
		9071350C1BB74F120011650C /* Release */ = {
			isa = XCBuildConfiguration;
			buildSettings = {
				BUNDLE_LOADER = "$(TEST_HOST)";
				INFOPLIST_FILE = QuizAppTests/Info.plist;
				LD_RUNPATH_SEARCH_PATHS = "$(inherited) @executable_path/Frameworks @loader_path/Frameworks";
				PRODUCT_BUNDLE_IDENTIFIER = com.wisc.quizapp.QuizAppTests;
				PRODUCT_NAME = "$(TARGET_NAME)";
				TEST_HOST = "$(BUILT_PRODUCTS_DIR)/QuizApp.app/QuizApp";
			};
			name = Release;
		};
		9071350E1BB74F120011650C /* Debug */ = {
			isa = XCBuildConfiguration;
			buildSettings = {
				INFOPLIST_FILE = QuizAppUITests/Info.plist;
				LD_RUNPATH_SEARCH_PATHS = "$(inherited) @executable_path/Frameworks @loader_path/Frameworks";
				PRODUCT_BUNDLE_IDENTIFIER = com.wisc.quizapp.QuizAppUITests;
				PRODUCT_NAME = "$(TARGET_NAME)";
				TEST_TARGET_NAME = QuizApp;
				USES_XCTRUNNER = YES;
			};
			name = Debug;
		};
		9071350F1BB74F120011650C /* Release */ = {
			isa = XCBuildConfiguration;
			buildSettings = {
				INFOPLIST_FILE = QuizAppUITests/Info.plist;
				LD_RUNPATH_SEARCH_PATHS = "$(inherited) @executable_path/Frameworks @loader_path/Frameworks";
				PRODUCT_BUNDLE_IDENTIFIER = com.wisc.quizapp.QuizAppUITests;
				PRODUCT_NAME = "$(TARGET_NAME)";
				TEST_TARGET_NAME = QuizApp;
				USES_XCTRUNNER = YES;
			};
			name = Release;
		};
/* End XCBuildConfiguration section */

/* Begin XCConfigurationList section */
		907134DA1BB74F120011650C /* Build configuration list for PBXProject "QuizApp" */ = {
			isa = XCConfigurationList;
			buildConfigurations = (
				907135051BB74F120011650C /* Debug */,
				907135061BB74F120011650C /* Release */,
			);
			defaultConfigurationIsVisible = 0;
			defaultConfigurationName = Release;
		};
		907135071BB74F120011650C /* Build configuration list for PBXNativeTarget "QuizApp" */ = {
			isa = XCConfigurationList;
			buildConfigurations = (
				907135081BB74F120011650C /* Debug */,
				907135091BB74F120011650C /* Release */,
			);
			defaultConfigurationIsVisible = 0;
			defaultConfigurationName = Release;
		};
		9071350A1BB74F120011650C /* Build configuration list for PBXNativeTarget "QuizAppTests" */ = {
			isa = XCConfigurationList;
			buildConfigurations = (
				9071350B1BB74F120011650C /* Debug */,
				9071350C1BB74F120011650C /* Release */,
			);
			defaultConfigurationIsVisible = 0;
			defaultConfigurationName = Release;
		};
		9071350D1BB74F120011650C /* Build configuration list for PBXNativeTarget "QuizAppUITests" */ = {
			isa = XCConfigurationList;
			buildConfigurations = (
				9071350E1BB74F120011650C /* Debug */,
				9071350F1BB74F120011650C /* Release */,
			);
			defaultConfigurationIsVisible = 0;
			defaultConfigurationName = Release;
		};
/* End XCConfigurationList section */
	};
	rootObject = 907134D71BB74F120011650C /* Project object */;
}
